<Solution>
  <Folder Name="/samples/AspNetCore/Properties/">
    <File Path="samples/AspNetCore/Properties/launchSettings.json" />
  </Folder>
  <Folder Name="/Solution Items/">
    <File Path=".editorconfig" />
    <File Path="Directory.Build.props" />
    <File Path="Directory.Build.targets" />
    <File Path="icon.png" />
    <File Path="LICENSE" />
    <File Path="README.md" />
  </Folder>
  <Folder Name="/samples/" />
  <Folder Name="/samples/AspNetCore/">
    <File Path="samples/AspNetCore/appsettings.Development.json" />
    <File Path="samples/AspNetCore/appsettings.json" />
    <File Path="samples/AspNetCore/MinimalApiJsonSequenceStreamingSample.cs" />
    <File Path="samples/AspNetCore/MvcJsonSequenceStreamingSample.cs" />

  </Folder>
  <Project Path="AspNetCore.Sequence.Tests/Juner.AspNetCore.Sequence.Tests.csproj" />
  <Project Path="AspNetCore.Sequence/Juner.AspNetCore.Sequence.csproj" />
  <Project Path="Http.Sequence.Tests/Juner.Http.Sequence.Tests.csproj" />
  <Project Path="Http.Sequence/Juner.Http.Sequence.csproj" />
  <Project Path="Sequence.Tests/Juner.Sequence.Tests.csproj" />
  <Project Path="Sequence/Juner.Sequence.csproj" />
</Solution>
