<Solution>
  <Folder Name="/samples/Properties/">
    <File Path="samples/Properties/launchSettings.json" />
  </Folder>
  <Folder Name="/Solution Items/">
    <File Path=".editorconfig" />
    <File Path="Directory.Build.props" />
    <File Path="Directory.Build.targets" />
    <File Path="icon.png" />
    <File Path="LICENSE" />
    <File Path="README.md" />
  </Folder>
  <Folder Name="/samples/">
    <File Path="samples/appsettings.Development.json" />
    <File Path="samples/appsettings.json" />
    <File Path="samples/MinimalApiJsonSequenceStreamingSample.cs" />
    <File Path="samples/MvcJsonSequenceStreamingSample.cs" />

  </Folder>
  <Project Path="AspNetCore.Sequence.Tests/Juner.AspNetCore.Sequence.Tests.csproj" />
  <Project Path="AspNetCore.Sequence/Juner.AspNetCore.Sequence.csproj" />
</Solution>
